
Microsoft Visual Studio Solution File, Format Version 12.00
# Visual Studio Version 16
VisualStudioVersion = 16.0.30503.244
MinimumVisualStudioVersion = 10.0.40219.1
Project("{8BC9CEB8-8B4A-11D0-8D11-00A0C91BC942}") = "datashred.sys", "driver\datashred.sys.vcxproj", "{BBDE8D26-C223-4845-9004-D9C458D46FA3}"
EndProject
Project("{8BC9CEB8-8B4A-11D0-8D11-00A0C91BC942}") = "datashred-tests", "tests\datashred-tests.vcxproj", "{1961370B-A8DF-4F83-A073-EEEF0F4278D1}"
EndProject
Global
	GlobalSection(SolutionConfigurationPlatforms) = preSolution
		Debug|x64 = Debug|x64
		Debug|x86 = Debug|x86
		Release|x64 = Release|x64
		Release|x86 = Release|x86
	EndGlobalSection
	GlobalSection(ProjectConfigurationPlatforms) = postSolution
		{BBDE8D26-C223-4845-9004-D9C458D46FA3}.Debug|x64.ActiveCfg = Debug|x64
		{BBDE8D26-C223-4845-9004-D9C458D46FA3}.Debug|x64.Build.0 = Debug|x64
		{BBDE8D26-C223-4845-9004-D9C458D46FA3}.Debug|x64.Deploy.0 = Debug|x64
		{BBDE8D26-C223-4845-9004-D9C458D46FA3}.Debug|x86.ActiveCfg = Debug|Win32
		{BBDE8D26-C223-4845-9004-D9C458D46FA3}.Debug|x86.Build.0 = Debug|Win32
		{BBDE8D26-C223-4845-9004-D9C458D46FA3}.Debug|x86.Deploy.0 = Debug|Win32
		{BBDE8D26-C223-4845-9004-D9C458D46FA3}.Release|x64.ActiveCfg = Release|x64
		{BBDE8D26-C223-4845-9004-D9C458D46FA3}.Release|x64.Build.0 = Release|x64
		{BBDE8D26-C223-4845-9004-D9C458D46FA3}.Release|x64.Deploy.0 = Release|x64
		{BBDE8D26-C223-4845-9004-D9C458D46FA3}.Release|x86.ActiveCfg = Release|Win32
		{BBDE8D26-C223-4845-9004-D9C458D46FA3}.Release|x86.Build.0 = Release|Win32
		{BBDE8D26-C223-4845-9004-D9C458D46FA3}.Release|x86.Deploy.0 = Release|Win32
		{1961370B-A8DF-4F83-A073-EEEF0F4278D1}.Debug|x64.ActiveCfg = Debug|x64
		{1961370B-A8DF-4F83-A073-EEEF0F4278D1}.Debug|x64.Build.0 = Debug|x64
		{1961370B-A8DF-4F83-A073-EEEF0F4278D1}.Debug|x86.ActiveCfg = Debug|Win32
		{1961370B-A8DF-4F83-A073-EEEF0F4278D1}.Debug|x86.Build.0 = Debug|Win32
		{1961370B-A8DF-4F83-A073-EEEF0F4278D1}.Release|x64.ActiveCfg = Release|x64
		{1961370B-A8DF-4F83-A073-EEEF0F4278D1}.Release|x64.Build.0 = Release|x64
		{1961370B-A8DF-4F83-A073-EEEF0F4278D1}.Release|x86.ActiveCfg = Release|Win32
		{1961370B-A8DF-4F83-A073-EEEF0F4278D1}.Release|x86.Build.0 = Release|Win32
	EndGlobalSection
	GlobalSection(SolutionProperties) = preSolution
		HideSolutionNode = FALSE
	EndGlobalSection
	GlobalSection(ExtensibilityGlobals) = postSolution
		SolutionGuid = {C2A4F540-A3CF-4D01-BEA8-3FCC8C270258}
	EndGlobalSection
EndGlobal
